{
  "version": 4,
  "terraform_version": "1.12.1",
  "serial": 9,
  "lineage": "b015e787-d690-ed7d-800b-54209e8679bf",
  "outputs": {
    "container_registry_id": {
      "value": "/subscriptions/431fca8d-e614-4268-aa3c-22a2e684933a/resourceGroups/cst8918-final-project-group-2/providers/Microsoft.ContainerRegistry/registries/cst8918finalprojectacr",
      "type": "string"
    },
    "container_registry_name": {
      "value": "cst8918finalprojectacr",
      "type": "string"
    },
    "prod_subnet_id": {
      "value": "/subscriptions/431fca8d-e614-4268-aa3c-22a2e684933a/resourceGroups/cst8918-final-project-group-2/providers/Microsoft.Network/virtualNetworks/cst8918-final-project-vnet/subnets/cst8918-final-project-prod-subnet",
      "type": "string"
    },
    "resource_group_location": {
      "value": "canadacentral",
      "type": "string"
    },
    "resource_group_name": {
      "value": "cst8918-final-project-group-2",
      "type": "string"
    },
    "test_subnet_id": {
      "value": "/subscriptions/431fca8d-e614-4268-aa3c-22a2e684933a/resourceGroups/cst8918-final-project-group-2/providers/Microsoft.Network/virtualNetworks/cst8918-final-project-vnet/subnets/cst8918-final-project-test-subnet",
      "type": "string"
    }
  },
  "resources": [
    {
      "mode": "managed",
      "type": "azurerm_container_registry",
      "name": "acr",
      "provider": "provider[\"registry.terraform.io/hashicorp/azurerm\"]",
      "instances": [
        {
          "schema_version": 2,
          "attributes": {
            "admin_enabled": false,
            "admin_password": "",
            "admin_username": "",
            "anonymous_pull_enabled": false,
            "data_endpoint_enabled": false,
            "encryption": [],
            "export_policy_enabled": true,
            "georeplications": [],
            "id": "/subscriptions/431fca8d-e614-4268-aa3c-22a2e684933a/resourceGroups/cst8918-final-project-group-2/providers/Microsoft.ContainerRegistry/registries/cst8918finalprojectacr",
            "identity": [],
            "location": "canadacentral",
            "login_server": "cst8918finalprojectacr.azurecr.io",
            "name": "cst8918finalprojectacr",
            "network_rule_bypass_option": "AzureServices",
            "network_rule_set": [],
            "public_network_access_enabled": true,
            "quarantine_policy_enabled": false,
            "resource_group_name": "cst8918-final-project-group-2",
            "retention_policy_in_days": 0,
            "sku": "Basic",
            "tags": {},
            "timeouts": null,
            "trust_policy_enabled": false,
            "zone_redundancy_enabled": false
          },
          "sensitive_attributes": [
            [
              {
                "type": "get_attr",
                "value": "admin_password"
              }
            ]
          ],
          "identity_schema_version": 0,
          "private": "eyJlMmJmYjczMC1lY2FhLTExZTYtOGY4OC0zNDM2M2JjN2M0YzAiOnsiY3JlYXRlIjoxODAwMDAwMDAwMDAwLCJkZWxldGUiOjE4MDAwMDAwMDAwMDAsInJlYWQiOjMwMDAwMDAwMDAwMCwidXBkYXRlIjoxODAwMDAwMDAwMDAwfSwic2NoZW1hX3ZlcnNpb24iOiIyIn0=",
          "dependencies": [
            "azurerm_resource_group.main_rg"
          ]
        }
      ]
    },
    {
      "mode": "managed",
      "type": "azurerm_resource_group",
      "name": "main_rg",
      "provider": "provider[\"registry.terraform.io/hashicorp/azurerm\"]",
      "instances": [
        {
          "schema_version": 0,
          "attributes": {
            "id": "/subscriptions/431fca8d-e614-4268-aa3c-22a2e684933a/resourceGroups/cst8918-final-project-group-2",
            "location": "canadacentral",
            "managed_by": "",
            "name": "cst8918-final-project-group-2",
            "tags": {},
            "timeouts": null
          },
          "sensitive_attributes": [],
          "identity_schema_version": 0,
          "private": "eyJlMmJmYjczMC1lY2FhLTExZTYtOGY4OC0zNDM2M2JjN2M0YzAiOnsiY3JlYXRlIjo1NDAwMDAwMDAwMDAwLCJkZWxldGUiOjU0MDAwMDAwMDAwMDAsInJlYWQiOjMwMDAwMDAwMDAwMCwidXBkYXRlIjo1NDAwMDAwMDAwMDAwfX0="
        }
      ]
    },
    {
      "module": "module.network",
      "mode": "managed",
      "type": "azurerm_subnet",
      "name": "admin",
      "provider": "provider[\"registry.terraform.io/hashicorp/azurerm\"]",
      "instances": [
        {
          "schema_version": 0,
          "attributes": {
            "address_prefixes": [
              "10.3.0.0/16"
            ],
            "default_outbound_access_enabled": true,
            "delegation": [],
            "id": "/subscriptions/431fca8d-e614-4268-aa3c-22a2e684933a/resourceGroups/cst8918-final-project-group-2/providers/Microsoft.Network/virtualNetworks/cst8918-final-project-vnet/subnets/cst8918-final-project-admin-subnet",
            "name": "cst8918-final-project-admin-subnet",
            "private_endpoint_network_policies": "Disabled",
            "private_link_service_network_policies_enabled": true,
            "resource_group_name": "cst8918-final-project-group-2",
            "service_endpoint_policy_ids": [],
            "service_endpoints": [],
            "timeouts": null,
            "virtual_network_name": "cst8918-final-project-vnet"
          },
          "sensitive_attributes": [],
          "identity_schema_version": 0,
          "identity": {
            "name": "cst8918-final-project-admin-subnet",
            "resource_group_name": "cst8918-final-project-group-2",
            "subscription_id": "431fca8d-e614-4268-aa3c-22a2e684933a",
            "virtual_network_name": "cst8918-final-project-vnet"
          },
          "private": "eyJlMmJmYjczMC1lY2FhLTExZTYtOGY4OC0zNDM2M2JjN2M0YzAiOnsiY3JlYXRlIjoxODAwMDAwMDAwMDAwLCJkZWxldGUiOjE4MDAwMDAwMDAwMDAsInJlYWQiOjMwMDAwMDAwMDAwMCwidXBkYXRlIjoxODAwMDAwMDAwMDAwfX0=",
          "dependencies": [
            "azurerm_resource_group.main_rg",
            "module.network.azurerm_virtual_network.main"
          ]
        }
      ]
    },
    {
      "module": "module.network",
      "mode": "managed",
      "type": "azurerm_subnet",
      "name": "dev",
      "provider": "provider[\"registry.terraform.io/hashicorp/azurerm\"]",
      "instances": [
        {
          "schema_version": 0,
          "attributes": {
            "address_prefixes": [
              "10.2.0.0/16"
            ],
            "default_outbound_access_enabled": true,
            "delegation": [],
            "id": "/subscriptions/431fca8d-e614-4268-aa3c-22a2e684933a/resourceGroups/cst8918-final-project-group-2/providers/Microsoft.Network/virtualNetworks/cst8918-final-project-vnet/subnets/cst8918-final-project-dev-subnet",
            "name": "cst8918-final-project-dev-subnet",
            "private_endpoint_network_policies": "Disabled",
            "private_link_service_network_policies_enabled": true,
            "resource_group_name": "cst8918-final-project-group-2",
            "service_endpoint_policy_ids": [],
            "service_endpoints": [],
            "timeouts": null,
            "virtual_network_name": "cst8918-final-project-vnet"
          },
          "sensitive_attributes": [],
          "identity_schema_version": 0,
          "identity": {
            "name": "cst8918-final-project-dev-subnet",
            "resource_group_name": "cst8918-final-project-group-2",
            "subscription_id": "431fca8d-e614-4268-aa3c-22a2e684933a",
            "virtual_network_name": "cst8918-final-project-vnet"
          },
          "private": "eyJlMmJmYjczMC1lY2FhLTExZTYtOGY4OC0zNDM2M2JjN2M0YzAiOnsiY3JlYXRlIjoxODAwMDAwMDAwMDAwLCJkZWxldGUiOjE4MDAwMDAwMDAwMDAsInJlYWQiOjMwMDAwMDAwMDAwMCwidXBkYXRlIjoxODAwMDAwMDAwMDAwfX0=",
          "dependencies": [
            "azurerm_resource_group.main_rg",
            "module.network.azurerm_virtual_network.main"
          ]
        }
      ]
    },
    {
      "module": "module.network",
      "mode": "managed",
      "type": "azurerm_subnet",
      "name": "prod",
      "provider": "provider[\"registry.terraform.io/hashicorp/azurerm\"]",
      "instances": [
        {
          "schema_version": 0,
          "attributes": {
            "address_prefixes": [
              "10.0.0.0/16"
            ],
            "default_outbound_access_enabled": true,
            "delegation": [],
            "id": "/subscriptions/431fca8d-e614-4268-aa3c-22a2e684933a/resourceGroups/cst8918-final-project-group-2/providers/Microsoft.Network/virtualNetworks/cst8918-final-project-vnet/subnets/cst8918-final-project-prod-subnet",
            "name": "cst8918-final-project-prod-subnet",
            "private_endpoint_network_policies": "Disabled",
            "private_link_service_network_policies_enabled": true,
            "resource_group_name": "cst8918-final-project-group-2",
            "service_endpoint_policy_ids": [],
            "service_endpoints": [],
            "timeouts": null,
            "virtual_network_name": "cst8918-final-project-vnet"
          },
          "sensitive_attributes": [],
          "identity_schema_version": 0,
          "identity": {
            "name": "cst8918-final-project-prod-subnet",
            "resource_group_name": "cst8918-final-project-group-2",
            "subscription_id": "431fca8d-e614-4268-aa3c-22a2e684933a",
            "virtual_network_name": "cst8918-final-project-vnet"
          },
          "private": "eyJlMmJmYjczMC1lY2FhLTExZTYtOGY4OC0zNDM2M2JjN2M0YzAiOnsiY3JlYXRlIjoxODAwMDAwMDAwMDAwLCJkZWxldGUiOjE4MDAwMDAwMDAwMDAsInJlYWQiOjMwMDAwMDAwMDAwMCwidXBkYXRlIjoxODAwMDAwMDAwMDAwfX0=",
          "dependencies": [
            "azurerm_resource_group.main_rg",
            "module.network.azurerm_virtual_network.main"
          ]
        }
      ]
    },
    {
      "module": "module.network",
      "mode": "managed",
      "type": "azurerm_subnet",
      "name": "test",
      "provider": "provider[\"registry.terraform.io/hashicorp/azurerm\"]",
      "instances": [
        {
          "schema_version": 0,
          "attributes": {
            "address_prefixes": [
              "10.1.0.0/16"
            ],
            "default_outbound_access_enabled": true,
            "delegation": [],
            "id": "/subscriptions/431fca8d-e614-4268-aa3c-22a2e684933a/resourceGroups/cst8918-final-project-group-2/providers/Microsoft.Network/virtualNetworks/cst8918-final-project-vnet/subnets/cst8918-final-project-test-subnet",
            "name": "cst8918-final-project-test-subnet",
            "private_endpoint_network_policies": "Disabled",
            "private_link_service_network_policies_enabled": true,
            "resource_group_name": "cst8918-final-project-group-2",
            "service_endpoint_policy_ids": [],
            "service_endpoints": [],
            "timeouts": null,
            "virtual_network_name": "cst8918-final-project-vnet"
          },
          "sensitive_attributes": [],
          "identity_schema_version": 0,
          "identity": {
            "name": "cst8918-final-project-test-subnet",
            "resource_group_name": "cst8918-final-project-group-2",
            "subscription_id": "431fca8d-e614-4268-aa3c-22a2e684933a",
            "virtual_network_name": "cst8918-final-project-vnet"
          },
          "private": "eyJlMmJmYjczMC1lY2FhLTExZTYtOGY4OC0zNDM2M2JjN2M0YzAiOnsiY3JlYXRlIjoxODAwMDAwMDAwMDAwLCJkZWxldGUiOjE4MDAwMDAwMDAwMDAsInJlYWQiOjMwMDAwMDAwMDAwMCwidXBkYXRlIjoxODAwMDAwMDAwMDAwfX0=",
          "dependencies": [
            "azurerm_resource_group.main_rg",
            "module.network.azurerm_virtual_network.main"
          ]
        }
      ]
    },
    {
      "module": "module.network",
      "mode": "managed",
      "type": "azurerm_virtual_network",
      "name": "main",
      "provider": "provider[\"registry.terraform.io/hashicorp/azurerm\"]",
      "instances": [
        {
          "schema_version": 0,
          "attributes": {
            "address_space": [
              "10.0.0.0/14"
            ],
            "bgp_community": "",
            "ddos_protection_plan": [],
            "dns_servers": [],
            "edge_zone": "",
            "encryption": [],
            "flow_timeout_in_minutes": 0,
            "guid": "5a674919-0264-4589-a01e-cfbd1eade142",
            "id": "/subscriptions/431fca8d-e614-4268-aa3c-22a2e684933a/resourceGroups/cst8918-final-project-group-2/providers/Microsoft.Network/virtualNetworks/cst8918-final-project-vnet",
            "ip_address_pool": [],
            "location": "canadacentral",
            "name": "cst8918-final-project-vnet",
            "private_endpoint_vnet_policies": "Disabled",
            "resource_group_name": "cst8918-final-project-group-2",
            "subnet": [
              {
                "address_prefixes": [
                  "10.0.0.0/16"
                ],
                "default_outbound_access_enabled": true,
                "delegation": [],
                "id": "/subscriptions/431fca8d-e614-4268-aa3c-22a2e684933a/resourceGroups/cst8918-final-project-group-2/providers/Microsoft.Network/virtualNetworks/cst8918-final-project-vnet/subnets/cst8918-final-project-prod-subnet",
                "name": "cst8918-final-project-prod-subnet",
                "private_endpoint_network_policies": "Disabled",
                "private_link_service_network_policies_enabled": true,
                "route_table_id": "",
                "security_group": "",
                "service_endpoint_policy_ids": [],
                "service_endpoints": []
              },
              {
                "address_prefixes": [
                  "10.1.0.0/16"
                ],
                "default_outbound_access_enabled": true,
                "delegation": [],
                "id": "/subscriptions/431fca8d-e614-4268-aa3c-22a2e684933a/resourceGroups/cst8918-final-project-group-2/providers/Microsoft.Network/virtualNetworks/cst8918-final-project-vnet/subnets/cst8918-final-project-test-subnet",
                "name": "cst8918-final-project-test-subnet",
                "private_endpoint_network_policies": "Disabled",
                "private_link_service_network_policies_enabled": true,
                "route_table_id": "/subscriptions/431fca8d-e614-4268-aa3c-22a2e684933a/resourceGroups/MC_cst8918-final-project-group-2_test-aks_canadacentral/providers/Microsoft.Network/routeTables/aks-agentpool-32249617-routetable",
                "security_group": "",
                "service_endpoint_policy_ids": [],
                "service_endpoints": []
              },
              {
                "address_prefixes": [
                  "10.2.0.0/16"
                ],
                "default_outbound_access_enabled": true,
                "delegation": [],
                "id": "/subscriptions/431fca8d-e614-4268-aa3c-22a2e684933a/resourceGroups/cst8918-final-project-group-2/providers/Microsoft.Network/virtualNetworks/cst8918-final-project-vnet/subnets/cst8918-final-project-dev-subnet",
                "name": "cst8918-final-project-dev-subnet",
                "private_endpoint_network_policies": "Disabled",
                "private_link_service_network_policies_enabled": true,
                "route_table_id": "",
                "security_group": "",
                "service_endpoint_policy_ids": [],
                "service_endpoints": []
              },
              {
                "address_prefixes": [
                  "10.3.0.0/16"
                ],
                "default_outbound_access_enabled": true,
                "delegation": [],
                "id": "/subscriptions/431fca8d-e614-4268-aa3c-22a2e684933a/resourceGroups/cst8918-final-project-group-2/providers/Microsoft.Network/virtualNetworks/cst8918-final-project-vnet/subnets/cst8918-final-project-admin-subnet",
                "name": "cst8918-final-project-admin-subnet",
                "private_endpoint_network_policies": "Disabled",
                "private_link_service_network_policies_enabled": true,
                "route_table_id": "",
                "security_group": "",
                "service_endpoint_policy_ids": [],
                "service_endpoints": []
              }
            ],
            "tags": {},
            "timeouts": null
          },
          "sensitive_attributes": [],
          "identity_schema_version": 0,
          "identity": {
            "name": "cst8918-final-project-vnet",
            "resource_group_name": "cst8918-final-project-group-2",
            "subscription_id": "431fca8d-e614-4268-aa3c-22a2e684933a"
          },
          "private": "eyJlMmJmYjczMC1lY2FhLTExZTYtOGY4OC0zNDM2M2JjN2M0YzAiOnsiY3JlYXRlIjoxODAwMDAwMDAwMDAwLCJkZWxldGUiOjE4MDAwMDAwMDAwMDAsInJlYWQiOjMwMDAwMDAwMDAwMCwidXBkYXRlIjoxODAwMDAwMDAwMDAwfX0=",
          "dependencies": [
            "azurerm_resource_group.main_rg"
          ]
        }
      ]
    }
  ],
  "check_results": null
}
